
Microsoft Visual Studio Solution File, Format Version 12.00
# Visual Studio 15
VisualStudioVersion = 15.0.27130.2024
MinimumVisualStudioVersion = 10.0.40219.1
Project("{FAE04EC0-301F-11D3-BF4B-00C04F79EFBC}") = "Lecture1HomeWorkTask3", "Lecture1HomeWork\Lecture1HomeWorkTask3.csproj", "{8C92006F-C38C-4E3E-B05B-05088DC9E907}"
EndProject
Project("{FAE04EC0-301F-11D3-BF4B-00C04F79EFBC}") = "Lecture1HomeWorkTask4", "Lecture1HomeWorkTask4\Lecture1HomeWorkTask4.csproj", "{16FBC9A5-9497-412E-AF1A-C10E1BA94E9C}"
EndProject
Global
	GlobalSection(SolutionConfigurationPlatforms) = preSolution
		Debug|Any CPU = Debug|Any CPU
		Release|Any CPU = Release|Any CPU
	EndGlobalSection
	GlobalSection(ProjectConfigurationPlatforms) = postSolution
		{8C92006F-C38C-4E3E-B05B-05088DC9E907}.Debug|Any CPU.ActiveCfg = Debug|Any CPU
		{8C92006F-C38C-4E3E-B05B-05088DC9E907}.Debug|Any CPU.Build.0 = Debug|Any CPU
		{8C92006F-C38C-4E3E-B05B-05088DC9E907}.Release|Any CPU.ActiveCfg = Release|Any CPU
		{8C92006F-C38C-4E3E-B05B-05088DC9E907}.Release|Any CPU.Build.0 = Release|Any CPU
		{16FBC9A5-9497-412E-AF1A-C10E1BA94E9C}.Debug|Any CPU.ActiveCfg = Debug|Any CPU
		{16FBC9A5-9497-412E-AF1A-C10E1BA94E9C}.Debug|Any CPU.Build.0 = Debug|Any CPU
		{16FBC9A5-9497-412E-AF1A-C10E1BA94E9C}.Release|Any CPU.ActiveCfg = Release|Any CPU
		{16FBC9A5-9497-412E-AF1A-C10E1BA94E9C}.Release|Any CPU.Build.0 = Release|Any CPU
	EndGlobalSection
	GlobalSection(SolutionProperties) = preSolution
		HideSolutionNode = FALSE
	EndGlobalSection
	GlobalSection(ExtensibilityGlobals) = postSolution
		SolutionGuid = {A2108D57-E13E-420C-8D8D-B1A5725CC4C7}
	EndGlobalSection
EndGlobal
